// !$*UTF8*$!
{
	archiveVersion = 1;
	classes = {
	};
	objectVersion = 46;
	objects = {

/* Begin PBXBuildFile section */
		000E7E5D1FA9A8A200B651C3 /* QQHomeVC.swift in Sources */ = {isa = PBXBuildFile; fileRef = 000E7E5C1FA9A8A200B651C3 /* QQHomeVC.swift */; };
		000E7E5F1FA9AB9000B651C3 /* UIView+Extension.swift in Sources */ = {isa = PBXBuildFile; fileRef = 000E7E5E1FA9AB9000B651C3 /* UIView+Extension.swift */; };
		000E7E611FA9B08700B651C3 /* Common.swift in Sources */ = {isa = PBXBuildFile; fileRef = 000E7E601FA9B08700B651C3 /* Common.swift */; };
		000E7E631FA9B38100B651C3 /* QQDock.swift in Sources */ = {isa = PBXBuildFile; fileRef = 000E7E621FA9B38100B651C3 /* QQDock.swift */; };
		000E7E651FA9BFD200B651C3 /* QQTabbar.swift in Sources */ = {isa = PBXBuildFile; fileRef = 000E7E641FA9BFD200B651C3 /* QQTabbar.swift */; };
		000E7E671FA9C5D000B651C3 /* QQMenue.swift in Sources */ = {isa = PBXBuildFile; fileRef = 000E7E661FA9C5D000B651C3 /* QQMenue.swift */; };
		000E7E691FA9C82C00B651C3 /* QQMenueBtn.swift in Sources */ = {isa = PBXBuildFile; fileRef = 000E7E681FA9C82C00B651C3 /* QQMenueBtn.swift */; };
		000E7E6B1FA9CD4300B651C3 /* QQHeaderBtn.swift in Sources */ = {isa = PBXBuildFile; fileRef = 000E7E6A1FA9CD4300B651C3 /* QQHeaderBtn.swift */; };
		008436881FAAA7A5002C9816 /* QQShuoshuoVC.swift in Sources */ = {isa = PBXBuildFile; fileRef = 008436871FAAA7A5002C9816 /* QQShuoshuoVC.swift */; };
		0084368C1FAAC1C6002C9816 /* QQAll.swift in Sources */ = {isa = PBXBuildFile; fileRef = 0084368B1FAAC1C6002C9816 /* QQAll.swift */; };
		00B41DAA1FA9710000CA298D /* QQLoginTool.swift in Sources */ = {isa = PBXBuildFile; fileRef = 00B41DA91FA9710000CA298D /* QQLoginTool.swift */; };
		00B41DAC1FA9784800CA298D /* QQMessageTool.swift in Sources */ = {isa = PBXBuildFile; fileRef = 00B41DAB1FA9784800CA298D /* QQMessageTool.swift */; };
		70A9A6E41CCEFDFF00CB713A /* Main.storyboard in Resources */ = {isa = PBXBuildFile; fileRef = 70A9A6E21CCEFDFF00CB713A /* Main.storyboard */; };
		70A9A6E61CCEFDFF00CB713A /* Assets.xcassets in Resources */ = {isa = PBXBuildFile; fileRef = 70A9A6E51CCEFDFF00CB713A /* Assets.xcassets */; };
		70A9A6E91CCEFDFF00CB713A /* LaunchScreen.storyboard in Resources */ = {isa = PBXBuildFile; fileRef = 70A9A6E71CCEFDFF00CB713A /* LaunchScreen.storyboard */; };
		70A9A7051CCF01BD00CB713A /* AppDelegate.swift in Sources */ = {isa = PBXBuildFile; fileRef = 70A9A6F41CCEFE8300CB713A /* AppDelegate.swift */; };
		70A9A7061CCF020700CB713A /* QQLoginVC.swift in Sources */ = {isa = PBXBuildFile; fileRef = 70A9A7021CCF000C00CB713A /* QQLoginVC.swift */; };
/* End PBXBuildFile section */

/* Begin PBXFileReference section */
		000E7E5C1FA9A8A200B651C3 /* QQHomeVC.swift */ = {isa = PBXFileReference; lastKnownFileType = sourcecode.swift; path = QQHomeVC.swift; sourceTree = "<group>"; };
		000E7E5E1FA9AB9000B651C3 /* UIView+Extension.swift */ = {isa = PBXFileReference; fileEncoding = 4; lastKnownFileType = sourcecode.swift; path = "UIView+Extension.swift"; sourceTree = "<group>"; };
		000E7E601FA9B08700B651C3 /* Common.swift */ = {isa = PBXFileReference; fileEncoding = 4; lastKnownFileType = sourcecode.swift; path = Common.swift; sourceTree = "<group>"; };
		000E7E621FA9B38100B651C3 /* QQDock.swift */ = {isa = PBXFileReference; lastKnownFileType = sourcecode.swift; path = QQDock.swift; sourceTree = "<group>"; };
		000E7E641FA9BFD200B651C3 /* QQTabbar.swift */ = {isa = PBXFileReference; lastKnownFileType = sourcecode.swift; path = QQTabbar.swift; sourceTree = "<group>"; };
		000E7E661FA9C5D000B651C3 /* QQMenue.swift */ = {isa = PBXFileReference; lastKnownFileType = sourcecode.swift; path = QQMenue.swift; sourceTree = "<group>"; };
		000E7E681FA9C82C00B651C3 /* QQMenueBtn.swift */ = {isa = PBXFileReference; lastKnownFileType = sourcecode.swift; path = QQMenueBtn.swift; sourceTree = "<group>"; };
		000E7E6A1FA9CD4300B651C3 /* QQHeaderBtn.swift */ = {isa = PBXFileReference; lastKnownFileType = sourcecode.swift; path = QQHeaderBtn.swift; sourceTree = "<group>"; };
		008436871FAAA7A5002C9816 /* QQShuoshuoVC.swift */ = {isa = PBXFileReference; fileEncoding = 4; lastKnownFileType = sourcecode.swift; path = QQShuoshuoVC.swift; sourceTree = "<group>"; };
		0084368B1FAAC1C6002C9816 /* QQAll.swift */ = {isa = PBXFileReference; fileEncoding = 4; lastKnownFileType = sourcecode.swift; path = QQAll.swift; sourceTree = "<group>"; };
		00B41DA91FA9710000CA298D /* QQLoginTool.swift */ = {isa = PBXFileReference; lastKnownFileType = sourcecode.swift; path = QQLoginTool.swift; sourceTree = "<group>"; };
		00B41DAB1FA9784800CA298D /* QQMessageTool.swift */ = {isa = PBXFileReference; lastKnownFileType = sourcecode.swift; path = QQMessageTool.swift; sourceTree = "<group>"; };
		70A9A6DB1CCEFDFF00CB713A /* QQ空间.app */ = {isa = PBXFileReference; explicitFileType = wrapper.application; includeInIndex = 0; path = "QQ空间.app"; sourceTree = BUILT_PRODUCTS_DIR; };
		70A9A6E31CCEFDFF00CB713A /* Base */ = {isa = PBXFileReference; lastKnownFileType = file.storyboard; name = Base; path = Base.lproj/Main.storyboard; sourceTree = "<group>"; };
		70A9A6E51CCEFDFF00CB713A /* Assets.xcassets */ = {isa = PBXFileReference; lastKnownFileType = folder.assetcatalog; path = Assets.xcassets; sourceTree = "<group>"; };
		70A9A6E81CCEFDFF00CB713A /* Base */ = {isa = PBXFileReference; lastKnownFileType = file.storyboard; name = Base; path = Base.lproj/LaunchScreen.storyboard; sourceTree = "<group>"; };
		70A9A6F41CCEFE8300CB713A /* AppDelegate.swift */ = {isa = PBXFileReference; fileEncoding = 4; lastKnownFileType = sourcecode.swift; path = AppDelegate.swift; sourceTree = "<group>"; };
		70A9A6F51CCEFE8300CB713A /* Info.plist */ = {isa = PBXFileReference; fileEncoding = 4; lastKnownFileType = text.plist.xml; path = Info.plist; sourceTree = "<group>"; };
		70A9A7021CCF000C00CB713A /* QQLoginVC.swift */ = {isa = PBXFileReference; fileEncoding = 4; lastKnownFileType = sourcecode.swift; path = QQLoginVC.swift; sourceTree = "<group>"; };
/* End PBXFileReference section */

/* Begin PBXFrameworksBuildPhase section */
		70A9A6D81CCEFDFF00CB713A /* Frameworks */ = {
			isa = PBXFrameworksBuildPhase;
			buildActionMask = 2147483647;
			files = (
			);
			runOnlyForDeploymentPostprocessing = 0;
		};
/* End PBXFrameworksBuildPhase section */

/* Begin PBXGroup section */
		008436851FAAA7A5002C9816 /* QQShuoshuo */ = {
			isa = PBXGroup;
			children = (
				008436861FAAA7A5002C9816 /* Controller */,
			);
			path = QQShuoshuo;
			sourceTree = "<group>";
		};
		008436861FAAA7A5002C9816 /* Controller */ = {
			isa = PBXGroup;
			children = (
				008436871FAAA7A5002C9816 /* QQShuoshuoVC.swift */,
			);
			path = Controller;
			sourceTree = "<group>";
		};
		008436891FAAC1C6002C9816 /* QQAll */ = {
			isa = PBXGroup;
			children = (
				0084368A1FAAC1C6002C9816 /* Controller */,
			);
			path = QQAll;
			sourceTree = "<group>";
		};
		0084368A1FAAC1C6002C9816 /* Controller */ = {
			isa = PBXGroup;
			children = (
				0084368B1FAAC1C6002C9816 /* QQAll.swift */,
			);
			path = Controller;
			sourceTree = "<group>";
		};
		70A9A6D21CCEFDFF00CB713A = {
			isa = PBXGroup;
			children = (
				70A9A6DD1CCEFDFF00CB713A /* QQ空间 */,
				70A9A6DC1CCEFDFF00CB713A /* Products */,
			);
			sourceTree = "<group>";
		};
		70A9A6DC1CCEFDFF00CB713A /* Products */ = {
			isa = PBXGroup;
			children = (
				70A9A6DB1CCEFDFF00CB713A /* QQ空间.app */,
			);
			name = Products;
			sourceTree = "<group>";
		};
		70A9A6DD1CCEFDFF00CB713A /* QQ空间 */ = {
			isa = PBXGroup;
			children = (
				70A9A6F01CCEFE8300CB713A /* Classes */,
				70A9A7011CCEFE9700CB713A /* Resource */,
			);
			path = "QQ空间";
			sourceTree = "<group>";
		};
		70A9A6F01CCEFE8300CB713A /* Classes */ = {
			isa = PBXGroup;
			children = (
				008436891FAAC1C6002C9816 /* QQAll */,
				008436851FAAA7A5002C9816 /* QQShuoshuo */,
				70A9A6F11CCEFE8300CB713A /* Other */,
				70A9A6F71CCEFE8300CB713A /* QQHome */,
				70A9A6FB1CCEFE8300CB713A /* QQLogin */,
			);
			path = Classes;
			sourceTree = "<group>";
		};
		70A9A6F11CCEFE8300CB713A /* Other */ = {
			isa = PBXGroup;
			children = (
				70A9A6F21CCEFE8300CB713A /* Category */,
				70A9A6F31CCEFE8300CB713A /* System */,
				70A9A6F61CCEFE8300CB713A /* Tool */,
			);
			path = Other;
			sourceTree = "<group>";
		};
		70A9A6F21CCEFE8300CB713A /* Category */ = {
			isa = PBXGroup;
			children = (
				000E7E5E1FA9AB9000B651C3 /* UIView+Extension.swift */,
			);
			path = Category;
			sourceTree = "<group>";
		};
		70A9A6F31CCEFE8300CB713A /* System */ = {
			isa = PBXGroup;
			children = (
				70A9A6F41CCEFE8300CB713A /* AppDelegate.swift */,
				70A9A6F51CCEFE8300CB713A /* Info.plist */,
			);
			path = System;
			sourceTree = "<group>";
		};
		70A9A6F61CCEFE8300CB713A /* Tool */ = {
			isa = PBXGroup;
			children = (
				00B41DA91FA9710000CA298D /* QQLoginTool.swift */,
				00B41DAB1FA9784800CA298D /* QQMessageTool.swift */,
				000E7E601FA9B08700B651C3 /* Common.swift */,
			);
			path = Tool;
			sourceTree = "<group>";
		};
		70A9A6F71CCEFE8300CB713A /* QQHome */ = {
			isa = PBXGroup;
			children = (
				70A9A6F81CCEFE8300CB713A /* Controller */,
				70A9A6F91CCEFE8300CB713A /* Model */,
				70A9A6FA1CCEFE8300CB713A /* View */,
			);
			path = QQHome;
			sourceTree = "<group>";
		};
		70A9A6F81CCEFE8300CB713A /* Controller */ = {
			isa = PBXGroup;
			children = (
				000E7E5C1FA9A8A200B651C3 /* QQHomeVC.swift */,
			);
			path = Controller;
			sourceTree = "<group>";
		};
		70A9A6F91CCEFE8300CB713A /* Model */ = {
			isa = PBXGroup;
			children = (
			);
			path = Model;
			sourceTree = "<group>";
		};
		70A9A6FA1CCEFE8300CB713A /* View */ = {
			isa = PBXGroup;
			children = (
				000E7E621FA9B38100B651C3 /* QQDock.swift */,
				000E7E641FA9BFD200B651C3 /* QQTabbar.swift */,
				000E7E661FA9C5D000B651C3 /* QQMenue.swift */,
				000E7E681FA9C82C00B651C3 /* QQMenueBtn.swift */,
				000E7E6A1FA9CD4300B651C3 /* QQHeaderBtn.swift */,
			);
			path = View;
			sourceTree = "<group>";
		};
		70A9A6FB1CCEFE8300CB713A /* QQLogin */ = {
			isa = PBXGroup;
			children = (
				70A9A6FC1CCEFE8300CB713A /* Controller */,
				70A9A6FD1CCEFE8300CB713A /* Model */,
				70A9A6FE1CCEFE8300CB713A /* View */,
			);
			path = QQLogin;
			sourceTree = "<group>";
		};
		70A9A6FC1CCEFE8300CB713A /* Controller */ = {
			isa = PBXGroup;
			children = (
				70A9A7021CCF000C00CB713A /* QQLoginVC.swift */,
			);
			path = Controller;
			sourceTree = "<group>";
		};
		70A9A6FD1CCEFE8300CB713A /* Model */ = {
			isa = PBXGroup;
			children = (
			);
			path = Model;
			sourceTree = "<group>";
		};
		70A9A6FE1CCEFE8300CB713A /* View */ = {
			isa = PBXGroup;
			children = (
			);
			path = View;
			sourceTree = "<group>";
		};
		70A9A7011CCEFE9700CB713A /* Resource */ = {
			isa = PBXGroup;
			children = (
				70A9A6E21CCEFDFF00CB713A /* Main.storyboard */,
				70A9A6E51CCEFDFF00CB713A /* Assets.xcassets */,
				70A9A6E71CCEFDFF00CB713A /* LaunchScreen.storyboard */,
			);
			name = Resource;
			sourceTree = "<group>";
		};
/* End PBXGroup section */

/* Begin PBXNativeTarget section */
		70A9A6DA1CCEFDFF00CB713A /* QQ空间 */ = {
			isa = PBXNativeTarget;
			buildConfigurationList = 70A9A6ED1CCEFDFF00CB713A /* Build configuration list for PBXNativeTarget "QQ空间" */;
			buildPhases = (
				70A9A6D71CCEFDFF00CB713A /* Sources */,
				70A9A6D81CCEFDFF00CB713A /* Frameworks */,
				70A9A6D91CCEFDFF00CB713A /* Resources */,
			);
			buildRules = (
			);
			dependencies = (
			);
			name = "QQ空间";
			productName = "QQ空间";
			productReference = 70A9A6DB1CCEFDFF00CB713A /* QQ空间.app */;
			productType = "com.apple.product-type.application";
		};
/* End PBXNativeTarget section */

/* Begin PBXProject section */
		70A9A6D31CCEFDFF00CB713A /* Project object */ = {
			isa = PBXProject;
			attributes = {
				LastSwiftUpdateCheck = 0730;
				LastUpgradeCheck = 0730;
				ORGANIZATIONNAME = "小码哥";
				TargetAttributes = {
					70A9A6DA1CCEFDFF00CB713A = {
						CreatedOnToolsVersion = 7.3;
						ProvisioningStyle = Manual;
					};
				};
			};
			buildConfigurationList = 70A9A6D61CCEFDFF00CB713A /* Build configuration list for PBXProject "QQ空间" */;
			compatibilityVersion = "Xcode 3.2";
			developmentRegion = English;
			hasScannedForEncodings = 0;
			knownRegions = (
				en,
				Base,
			);
			mainGroup = 70A9A6D21CCEFDFF00CB713A;
			productRefGroup = 70A9A6DC1CCEFDFF00CB713A /* Products */;
			projectDirPath = "";
			projectRoot = "";
			targets = (
				70A9A6DA1CCEFDFF00CB713A /* QQ空间 */,
			);
		};
/* End PBXProject section */

/* Begin PBXResourcesBuildPhase section */
		70A9A6D91CCEFDFF00CB713A /* Resources */ = {
			isa = PBXResourcesBuildPhase;
			buildActionMask = 2147483647;
			files = (
				70A9A6E91CCEFDFF00CB713A /* LaunchScreen.storyboard in Resources */,
				70A9A6E61CCEFDFF00CB713A /* Assets.xcassets in Resources */,
				70A9A6E41CCEFDFF00CB713A /* Main.storyboard in Resources */,
			);
			runOnlyForDeploymentPostprocessing = 0;
		};
/* End PBXResourcesBuildPhase section */

/* Begin PBXSourcesBuildPhase section */
		70A9A6D71CCEFDFF00CB713A /* Sources */ = {
			isa = PBXSourcesBuildPhase;
			buildActionMask = 2147483647;
			files = (
				000E7E5F1FA9AB9000B651C3 /* UIView+Extension.swift in Sources */,
				70A9A7061CCF020700CB713A /* QQLoginVC.swift in Sources */,
				000E7E671FA9C5D000B651C3 /* QQMenue.swift in Sources */,
				000E7E651FA9BFD200B651C3 /* QQTabbar.swift in Sources */,
				000E7E631FA9B38100B651C3 /* QQDock.swift in Sources */,
				008436881FAAA7A5002C9816 /* QQShuoshuoVC.swift in Sources */,
				000E7E5D1FA9A8A200B651C3 /* QQHomeVC.swift in Sources */,
				00B41DAA1FA9710000CA298D /* QQLoginTool.swift in Sources */,
				000E7E6B1FA9CD4300B651C3 /* QQHeaderBtn.swift in Sources */,
				0084368C1FAAC1C6002C9816 /* QQAll.swift in Sources */,
				70A9A7051CCF01BD00CB713A /* AppDelegate.swift in Sources */,
				00B41DAC1FA9784800CA298D /* QQMessageTool.swift in Sources */,
				000E7E691FA9C82C00B651C3 /* QQMenueBtn.swift in Sources */,
				000E7E611FA9B08700B651C3 /* Common.swift in Sources */,
			);
			runOnlyForDeploymentPostprocessing = 0;
		};
/* End PBXSourcesBuildPhase section */

/* Begin PBXVariantGroup section */
		70A9A6E21CCEFDFF00CB713A /* Main.storyboard */ = {
			isa = PBXVariantGroup;
			children = (
				70A9A6E31CCEFDFF00CB713A /* Base */,
			);
			name = Main.storyboard;
			sourceTree = "<group>";
		};
		70A9A6E71CCEFDFF00CB713A /* LaunchScreen.storyboard */ = {
			isa = PBXVariantGroup;
			children = (
				70A9A6E81CCEFDFF00CB713A /* Base */,
			);
			name = LaunchScreen.storyboard;
			sourceTree = "<group>";
		};
/* End PBXVariantGroup section */

/* Begin XCBuildConfiguration section */
		70A9A6EB1CCEFDFF00CB713A /* Debug */ = {
			isa = XCBuildConfiguration;
			buildSettings = {
				ALWAYS_SEARCH_USER_PATHS = NO;
				CLANG_ANALYZER_NONNULL = YES;
				CLANG_CXX_LANGUAGE_STANDARD = "gnu++0x";
				CLANG_CXX_LIBRARY = "libc++";
				CLANG_ENABLE_MODULES = YES;
				CLANG_ENABLE_OBJC_ARC = YES;
				CLANG_WARN_BOOL_CONVERSION = YES;
				CLANG_WARN_CONSTANT_CONVERSION = YES;
				CLANG_WARN_DIRECT_OBJC_ISA_USAGE = YES_ERROR;
				CLANG_WARN_EMPTY_BODY = YES;
				CLANG_WARN_ENUM_CONVERSION = YES;
				CLANG_WARN_INT_CONVERSION = YES;
				CLANG_WARN_OBJC_ROOT_CLASS = YES_ERROR;
				CLANG_WARN_UNREACHABLE_CODE = YES;
				CLANG_WARN__DUPLICATE_METHOD_MATCH = YES;
				"CODE_SIGN_IDENTITY[sdk=iphoneos*]" = "iPhone Developer";
				COPY_PHASE_STRIP = NO;
				DEBUG_INFORMATION_FORMAT = dwarf;
				ENABLE_STRICT_OBJC_MSGSEND = YES;
				ENABLE_TESTABILITY = YES;
				GCC_C_LANGUAGE_STANDARD = gnu99;
				GCC_DYNAMIC_NO_PIC = NO;
				GCC_NO_COMMON_BLOCKS = YES;
				GCC_OPTIMIZATION_LEVEL = 0;
				GCC_PREPROCESSOR_DEFINITIONS = (
					"DEBUG=1",
					"$(inherited)",
				);
				GCC_WARN_64_TO_32_BIT_CONVERSION = YES;
				GCC_WARN_ABOUT_RETURN_TYPE = YES_ERROR;
				GCC_WARN_UNDECLARED_SELECTOR = YES;
				GCC_WARN_UNINITIALIZED_AUTOS = YES_AGGRESSIVE;
				GCC_WARN_UNUSED_FUNCTION = YES;
				GCC_WARN_UNUSED_VARIABLE = YES;
				IPHONEOS_DEPLOYMENT_TARGET = 8.0;
				MTL_ENABLE_DEBUG_INFO = YES;
				ONLY_ACTIVE_ARCH = YES;
				SDKROOT = iphoneos;
				SWIFT_OPTIMIZATION_LEVEL = "-Onone";
				TARGETED_DEVICE_FAMILY = 2;
			};
			name = Debug;
		};
		70A9A6EC1CCEFDFF00CB713A /* Release */ = {
			isa = XCBuildConfiguration;
			buildSettings = {
				ALWAYS_SEARCH_USER_PATHS = NO;
				CLANG_ANALYZER_NONNULL = YES;
				CLANG_CXX_LANGUAGE_STANDARD = "gnu++0x";
				CLANG_CXX_LIBRARY = "libc++";
				CLANG_ENABLE_MODULES = YES;
				CLANG_ENABLE_OBJC_ARC = YES;
				CLANG_WARN_BOOL_CONVERSION = YES;
				CLANG_WARN_CONSTANT_CONVERSION = YES;
				CLANG_WARN_DIRECT_OBJC_ISA_USAGE = YES_ERROR;
				CLANG_WARN_EMPTY_BODY = YES;
				CLANG_WARN_ENUM_CONVERSION = YES;
				CLANG_WARN_INT_CONVERSION = YES;
				CLANG_WARN_OBJC_ROOT_CLASS = YES_ERROR;
				CLANG_WARN_UNREACHABLE_CODE = YES;
				CLANG_WARN__DUPLICATE_METHOD_MATCH = YES;
				"CODE_SIGN_IDENTITY[sdk=iphoneos*]" = "iPhone Developer";
				COPY_PHASE_STRIP = NO;
				DEBUG_INFORMATION_FORMAT = "dwarf-with-dsym";
				ENABLE_NS_ASSERTIONS = NO;
				ENABLE_STRICT_OBJC_MSGSEND = YES;
				GCC_C_LANGUAGE_STANDARD = gnu99;
				GCC_NO_COMMON_BLOCKS = YES;
				GCC_WARN_64_TO_32_BIT_CONVERSION = YES;
				GCC_WARN_ABOUT_RETURN_TYPE = YES_ERROR;
				GCC_WARN_UNDECLARED_SELECTOR = YES;
				GCC_WARN_UNINITIALIZED_AUTOS = YES_AGGRESSIVE;
				GCC_WARN_UNUSED_FUNCTION = YES;
				GCC_WARN_UNUSED_VARIABLE = YES;
				IPHONEOS_DEPLOYMENT_TARGET = 8.0;
				MTL_ENABLE_DEBUG_INFO = NO;
				SDKROOT = iphoneos;
				TARGETED_DEVICE_FAMILY = 2;
				VALIDATE_PRODUCT = YES;
			};
			name = Release;
		};
		70A9A6EE1CCEFDFF00CB713A /* Debug */ = {
			isa = XCBuildConfiguration;
			buildSettings = {
				ASSETCATALOG_COMPILER_APPICON_NAME = AppIcon;
				ASSETCATALOG_COMPILER_LAUNCHIMAGE_NAME = "Brand Assets";
				CODE_SIGN_STYLE = Manual;
				DEVELOPMENT_TEAM = "";
				INFOPLIST_FILE = "$(SRCROOT)/QQ空间/Classes/Other/System/Info.plist";
				IPHONEOS_DEPLOYMENT_TARGET = 7.0;
				LD_RUNPATH_SEARCH_PATHS = "$(inherited) @executable_path/Frameworks";
				PRODUCT_BUNDLE_IDENTIFIER = com.tcl.QQZone;
				PRODUCT_NAME = "$(TARGET_NAME)";
				PROVISIONING_PROFILE_SPECIFIER = "";
				SWIFT_VERSION = 4.0;
			};
			name = Debug;
		};
		70A9A6EF1CCEFDFF00CB713A /* Release */ = {
			isa = XCBuildConfiguration;
			buildSettings = {
				ASSETCATALOG_COMPILER_APPICON_NAME = AppIcon;
				ASSETCATALOG_COMPILER_LAUNCHIMAGE_NAME = "Brand Assets";
				CODE_SIGN_STYLE = Manual;
				DEVELOPMENT_TEAM = "";
				INFOPLIST_FILE = "$(SRCROOT)/QQ空间/Classes/Other/System/Info.plist";
				IPHONEOS_DEPLOYMENT_TARGET = 7.0;
				LD_RUNPATH_SEARCH_PATHS = "$(inherited) @executable_path/Frameworks";
				PRODUCT_BUNDLE_IDENTIFIER = com.tcl.QQZone;
				PRODUCT_NAME = "$(TARGET_NAME)";
				PROVISIONING_PROFILE_SPECIFIER = "";
				SWIFT_VERSION = 4.0;
			};
			name = Release;
		};
/* End XCBuildConfiguration section */

/* Begin XCConfigurationList section */
		70A9A6D61CCEFDFF00CB713A /* Build configuration list for PBXProject "QQ空间" */ = {
			isa = XCConfigurationList;
			buildConfigurations = (
				70A9A6EB1CCEFDFF00CB713A /* Debug */,
				70A9A6EC1CCEFDFF00CB713A /* Release */,
			);
			defaultConfigurationIsVisible = 0;
			defaultConfigurationName = Release;
		};
		70A9A6ED1CCEFDFF00CB713A /* Build configuration list for PBXNativeTarget "QQ空间" */ = {
			isa = XCConfigurationList;
			buildConfigurations = (
				70A9A6EE1CCEFDFF00CB713A /* Debug */,
				70A9A6EF1CCEFDFF00CB713A /* Release */,
			);
			defaultConfigurationIsVisible = 0;
			defaultConfigurationName = Release;
		};
/* End XCConfigurationList section */
	};
	rootObject = 70A9A6D31CCEFDFF00CB713A /* Project object */;
}
